
Microsoft Visual Studio Solution File, Format Version 12.00
# Visual Studio 2012
Project("{FAE04EC0-301F-11D3-BF4B-00C04F79EFBC}") = "WpfApplication", "PartMartinToMergeWhenMainProjectCompile\WpfApplication.csproj", "{AFDD895F-08E2-450A-AFE0-F80D05509EE5}"
EndProject
Global
	GlobalSection(SolutionConfigurationPlatforms) = preSolution
		Debug|Any CPU = Debug|Any CPU
		Release|Any CPU = Release|Any CPU
	EndGlobalSection
	GlobalSection(ProjectConfigurationPlatforms) = postSolution
		{AFDD895F-08E2-450A-AFE0-F80D05509EE5}.Debug|Any CPU.ActiveCfg = Debug|Any CPU
		{AFDD895F-08E2-450A-AFE0-F80D05509EE5}.Debug|Any CPU.Build.0 = Debug|Any CPU
		{AFDD895F-08E2-450A-AFE0-F80D05509EE5}.Release|Any CPU.ActiveCfg = Release|Any CPU
		{AFDD895F-08E2-450A-AFE0-F80D05509EE5}.Release|Any CPU.Build.0 = Release|Any CPU
	EndGlobalSection
	GlobalSection(SolutionProperties) = preSolution
		HideSolutionNode = FALSE
	EndGlobalSection
EndGlobal
